
Microsoft Visual Studio Solution File, Format Version 12.00
# Visual Studio Version 17
VisualStudioVersion = 17.5.33516.290
MinimumVisualStudioVersion = 10.0.40219.1
Project("{FAE04EC0-301F-11D3-BF4B-00C04F79EFBC}") = "Richards_Part_Tracker", "Richards_Part_Tracker.csproj", "{0C02DE9B-B03C-4A2B-8D1D-9820D56B14E5}"
EndProject
Global
	GlobalSection(SolutionConfigurationPlatforms) = preSolution
		Debug|Any CPU = Debug|Any CPU
		Release|Any CPU = Release|Any CPU
	EndGlobalSection
	GlobalSection(ProjectConfigurationPlatforms) = postSolution
		{0C02DE9B-B03C-4A2B-8D1D-9820D56B14E5}.Debug|Any CPU.ActiveCfg = Release|Any CPU
		{0C02DE9B-B03C-4A2B-8D1D-9820D56B14E5}.Debug|Any CPU.Build.0 = Release|Any CPU
		{0C02DE9B-B03C-4A2B-8D1D-9820D56B14E5}.Release|Any CPU.ActiveCfg = Release|Any CPU
		{0C02DE9B-B03C-4A2B-8D1D-9820D56B14E5}.Release|Any CPU.Build.0 = Release|Any CPU
	EndGlobalSection
	GlobalSection(SolutionProperties) = preSolution
		HideSolutionNode = FALSE
	EndGlobalSection
	GlobalSection(ExtensibilityGlobals) = postSolution
		SolutionGuid = {57229C85-F8E8-494C-BE9A-8C3DABF027E0}
	EndGlobalSection
EndGlobal
